
Microsoft Visual Studio Solution File, Format Version 12.00
# Visual Studio Version 16
VisualStudioVersion = 16.0.29728.190
MinimumVisualStudioVersion = 10.0.40219.1
Project("{FAE04EC0-301F-11D3-BF4B-00C04F79EFBC}") = "MM Logo", "MM Logo\MM Logo.csproj", "{ADF9ED86-32BD-43F6-84BD-8CA71C8C520A}"
EndProject
Global
	GlobalSection(SolutionConfigurationPlatforms) = preSolution
		Debug|Any CPU = Debug|Any CPU
		Release|Any CPU = Release|Any CPU
	EndGlobalSection
	GlobalSection(ProjectConfigurationPlatforms) = postSolution
		{ADF9ED86-32BD-43F6-84BD-8CA71C8C520A}.Debug|Any CPU.ActiveCfg = Debug|Any CPU
		{ADF9ED86-32BD-43F6-84BD-8CA71C8C520A}.Debug|Any CPU.Build.0 = Debug|Any CPU
		{ADF9ED86-32BD-43F6-84BD-8CA71C8C520A}.Release|Any CPU.ActiveCfg = Release|Any CPU
		{ADF9ED86-32BD-43F6-84BD-8CA71C8C520A}.Release|Any CPU.Build.0 = Release|Any CPU
	EndGlobalSection
	GlobalSection(SolutionProperties) = preSolution
		HideSolutionNode = FALSE
	EndGlobalSection
	GlobalSection(ExtensibilityGlobals) = postSolution
		SolutionGuid = {F725C6E3-3049-4549-912B-CEC014456F18}
	EndGlobalSection
EndGlobal
